
Microsoft Visual Studio Solution File, Format Version 12.00
# Visual Studio Version 16
VisualStudioVersion = 16.0.31624.102
MinimumVisualStudioVersion = 10.0.40219.1
Project("{FAE04EC0-301F-11D3-BF4B-00C04F79EFBC}") = "CapaVista", "CapaVista\CapaVista.csproj", "{CB19FBF0-CC4A-43D1-81AC-263AA5E352B0}"
EndProject
Project("{FAE04EC0-301F-11D3-BF4B-00C04F79EFBC}") = "CapaModelo", "CapaModelo\CapaModelo.csproj", "{6753A660-C42A-4AF5-A731-4331C8F3FFD5}"
EndProject
Project("{FAE04EC0-301F-11D3-BF4B-00C04F79EFBC}") = "CapaContolador", "CapaContolador\CapaContolador.csproj", "{26186A50-D3C5-48A6-B71D-B97BB819CE84}"
EndProject
Global
	GlobalSection(SolutionConfigurationPlatforms) = preSolution
		Debug|Any CPU = Debug|Any CPU
		Release|Any CPU = Release|Any CPU
	EndGlobalSection
	GlobalSection(ProjectConfigurationPlatforms) = postSolution
		{CB19FBF0-CC4A-43D1-81AC-263AA5E352B0}.Debug|Any CPU.ActiveCfg = Debug|Any CPU
		{CB19FBF0-CC4A-43D1-81AC-263AA5E352B0}.Debug|Any CPU.Build.0 = Debug|Any CPU
		{CB19FBF0-CC4A-43D1-81AC-263AA5E352B0}.Release|Any CPU.ActiveCfg = Release|Any CPU
		{CB19FBF0-CC4A-43D1-81AC-263AA5E352B0}.Release|Any CPU.Build.0 = Release|Any CPU
		{6753A660-C42A-4AF5-A731-4331C8F3FFD5}.Debug|Any CPU.ActiveCfg = Debug|Any CPU
		{6753A660-C42A-4AF5-A731-4331C8F3FFD5}.Debug|Any CPU.Build.0 = Debug|Any CPU
		{6753A660-C42A-4AF5-A731-4331C8F3FFD5}.Release|Any CPU.ActiveCfg = Release|Any CPU
		{6753A660-C42A-4AF5-A731-4331C8F3FFD5}.Release|Any CPU.Build.0 = Release|Any CPU
		{26186A50-D3C5-48A6-B71D-B97BB819CE84}.Debug|Any CPU.ActiveCfg = Debug|Any CPU
		{26186A50-D3C5-48A6-B71D-B97BB819CE84}.Debug|Any CPU.Build.0 = Debug|Any CPU
		{26186A50-D3C5-48A6-B71D-B97BB819CE84}.Release|Any CPU.ActiveCfg = Release|Any CPU
		{26186A50-D3C5-48A6-B71D-B97BB819CE84}.Release|Any CPU.Build.0 = Release|Any CPU
	EndGlobalSection
	GlobalSection(SolutionProperties) = preSolution
		HideSolutionNode = FALSE
	EndGlobalSection
	GlobalSection(ExtensibilityGlobals) = postSolution
		SolutionGuid = {6B4CD490-50FA-47F9-8F2F-ACF4C7C3EE01}
	EndGlobalSection
EndGlobal
