
Microsoft Visual Studio Solution File, Format Version 12.00
# Visual Studio Version 16
VisualStudioVersion = 16.0.31624.102
MinimumVisualStudioVersion = 10.0.40219.1
Project("{FAE04EC0-301F-11D3-BF4B-00C04F79EFBC}") = "P2", "P2\P2.csproj", "{DF324B09-5393-4E4E-943B-98EF458BB2FE}"
EndProject
Global
	GlobalSection(SolutionConfigurationPlatforms) = preSolution
		Debug|Any CPU = Debug|Any CPU
		Release|Any CPU = Release|Any CPU
	EndGlobalSection
	GlobalSection(ProjectConfigurationPlatforms) = postSolution
		{DF324B09-5393-4E4E-943B-98EF458BB2FE}.Debug|Any CPU.ActiveCfg = Debug|Any CPU
		{DF324B09-5393-4E4E-943B-98EF458BB2FE}.Debug|Any CPU.Build.0 = Debug|Any CPU
		{DF324B09-5393-4E4E-943B-98EF458BB2FE}.Release|Any CPU.ActiveCfg = Release|Any CPU
		{DF324B09-5393-4E4E-943B-98EF458BB2FE}.Release|Any CPU.Build.0 = Release|Any CPU
	EndGlobalSection
	GlobalSection(SolutionProperties) = preSolution
		HideSolutionNode = FALSE
	EndGlobalSection
	GlobalSection(ExtensibilityGlobals) = postSolution
		SolutionGuid = {F651F1EF-E1D9-4398-A67C-789E79683425}
	EndGlobalSection
EndGlobal
